
Microsoft Visual Studio Solution File, Format Version 12.00
# Visual Studio Version 16
VisualStudioVersion = 16.0.29123.88
MinimumVisualStudioVersion = 10.0.40219.1
Project("{FAE04EC0-301F-11D3-BF4B-00C04F79EFBC}") = "CustomStamps.Android", "CustomStamps.Android\CustomStamps.Android.csproj", "{8E33D12E-151E-4223-A622-21D974E014AF}"
EndProject
Project("{FAE04EC0-301F-11D3-BF4B-00C04F79EFBC}") = "CustomStamps.iOS", "CustomStamps.iOS\CustomStamps.iOS.csproj", "{709E9E4D-0641-437E-9B76-2F6695EB40A8}"
EndProject
Project("{FAE04EC0-301F-11D3-BF4B-00C04F79EFBC}") = "CustomStamps.UWP", "CustomStamps.UWP\CustomStamps.UWP.csproj", "{C3188270-30A4-4EBB-BEB0-3EF8EB4A38B5}"
EndProject
Project("{9A19103F-16F7-4668-BE54-9A1E7A4F7556}") = "CustomStamps", "CustomStamps\CustomStamps.csproj", "{CAB8E868-C504-4333-A550-C73686EE9592}"
EndProject
Global
	GlobalSection(SolutionConfigurationPlatforms) = preSolution
		Ad-Hoc|Any CPU = Ad-Hoc|Any CPU
		Ad-Hoc|ARM = Ad-Hoc|ARM
		Ad-Hoc|iPhone = Ad-Hoc|iPhone
		Ad-Hoc|iPhoneSimulator = Ad-Hoc|iPhoneSimulator
		Ad-Hoc|x64 = Ad-Hoc|x64
		Ad-Hoc|x86 = Ad-Hoc|x86
		AppStore|Any CPU = AppStore|Any CPU
		AppStore|ARM = AppStore|ARM
		AppStore|iPhone = AppStore|iPhone
		AppStore|iPhoneSimulator = AppStore|iPhoneSimulator
		AppStore|x64 = AppStore|x64
		AppStore|x86 = AppStore|x86
		Debug|Any CPU = Debug|Any CPU
		Debug|ARM = Debug|ARM
		Debug|iPhone = Debug|iPhone
		Debug|iPhoneSimulator = Debug|iPhoneSimulator
		Debug|x64 = Debug|x64
		Debug|x86 = Debug|x86
		Release|Any CPU = Release|Any CPU
		Release|ARM = Release|ARM
		Release|iPhone = Release|iPhone
		Release|iPhoneSimulator = Release|iPhoneSimulator
		Release|x64 = Release|x64
		Release|x86 = Release|x86
		Release-xml|Any CPU = Release-xml|Any CPU
		Release-xml|ARM = Release-xml|ARM
		Release-xml|iPhone = Release-xml|iPhone
		Release-xml|iPhoneSimulator = Release-xml|iPhoneSimulator
		Release-xml|x64 = Release-xml|x64
		Release-xml|x86 = Release-xml|x86
	EndGlobalSection
	GlobalSection(ProjectConfigurationPlatforms) = postSolution
		{8E33D12E-151E-4223-A622-21D974E014AF}.Ad-Hoc|Any CPU.ActiveCfg = Release|Any CPU
		{8E33D12E-151E-4223-A622-21D974E014AF}.Ad-Hoc|Any CPU.Build.0 = Release|Any CPU
		{8E33D12E-151E-4223-A622-21D974E014AF}.Ad-Hoc|Any CPU.Deploy.0 = Release|Any CPU
		{8E33D12E-151E-4223-A622-21D974E014AF}.Ad-Hoc|ARM.ActiveCfg = Release|Any CPU
		{8E33D12E-151E-4223-A622-21D974E014AF}.Ad-Hoc|ARM.Build.0 = Release|Any CPU
		{8E33D12E-151E-4223-A622-21D974E014AF}.Ad-Hoc|ARM.Deploy.0 = Release|Any CPU
		{8E33D12E-151E-4223-A622-21D974E014AF}.Ad-Hoc|iPhone.ActiveCfg = Release|Any CPU
		{8E33D12E-151E-4223-A622-21D974E014AF}.Ad-Hoc|iPhone.Build.0 = Release|Any CPU
		{8E33D12E-151E-4223-A622-21D974E014AF}.Ad-Hoc|iPhone.Deploy.0 = Release|Any CPU
		{8E33D12E-151E-4223-A622-21D974E014AF}.Ad-Hoc|iPhoneSimulator.ActiveCfg = Release|Any CPU
		{8E33D12E-151E-4223-A622-21D974E014AF}.Ad-Hoc|iPhoneSimulator.Build.0 = Release|Any CPU
		{8E33D12E-151E-4223-A622-21D974E014AF}.Ad-Hoc|iPhoneSimulator.Deploy.0 = Release|Any CPU
		{8E33D12E-151E-4223-A622-21D974E014AF}.Ad-Hoc|x64.ActiveCfg = Release|Any CPU
		{8E33D12E-151E-4223-A622-21D974E014AF}.Ad-Hoc|x64.Build.0 = Release|Any CPU
		{8E33D12E-151E-4223-A622-21D974E014AF}.Ad-Hoc|x64.Deploy.0 = Release|Any CPU
		{8E33D12E-151E-4223-A622-21D974E014AF}.Ad-Hoc|x86.ActiveCfg = Release|Any CPU
		{8E33D12E-151E-4223-A622-21D974E014AF}.Ad-Hoc|x86.Build.0 = Release|Any CPU
		{8E33D12E-151E-4223-A622-21D974E014AF}.Ad-Hoc|x86.Deploy.0 = Release|Any CPU
		{8E33D12E-151E-4223-A622-21D974E014AF}.AppStore|Any CPU.ActiveCfg = Release|Any CPU
		{8E33D12E-151E-4223-A622-21D974E014AF}.AppStore|Any CPU.Build.0 = Release|Any CPU
		{8E33D12E-151E-4223-A622-21D974E014AF}.AppStore|Any CPU.Deploy.0 = Release|Any CPU
		{8E33D12E-151E-4223-A622-21D974E014AF}.AppStore|ARM.ActiveCfg = Release|Any CPU
		{8E33D12E-151E-4223-A622-21D974E014AF}.AppStore|ARM.Build.0 = Release|Any CPU
		{8E33D12E-151E-4223-A622-21D974E014AF}.AppStore|ARM.Deploy.0 = Release|Any CPU
		{8E33D12E-151E-4223-A622-21D974E014AF}.AppStore|iPhone.ActiveCfg = Release|Any CPU
		{8E33D12E-151E-4223-A622-21D974E014AF}.AppStore|iPhone.Build.0 = Release|Any CPU
		{8E33D12E-151E-4223-A622-21D974E014AF}.AppStore|iPhone.Deploy.0 = Release|Any CPU
		{8E33D12E-151E-4223-A622-21D974E014AF}.AppStore|iPhoneSimulator.ActiveCfg = Release|Any CPU
		{8E33D12E-151E-4223-A622-21D974E014AF}.AppStore|iPhoneSimulator.Build.0 = Release|Any CPU
		{8E33D12E-151E-4223-A622-21D974E014AF}.AppStore|iPhoneSimulator.Deploy.0 = Release|Any CPU
		{8E33D12E-151E-4223-A622-21D974E014AF}.AppStore|x64.ActiveCfg = Release|Any CPU
		{8E33D12E-151E-4223-A622-21D974E014AF}.AppStore|x64.Build.0 = Release|Any CPU
		{8E33D12E-151E-4223-A622-21D974E014AF}.AppStore|x64.Deploy.0 = Release|Any CPU
		{8E33D12E-151E-4223-A622-21D974E014AF}.AppStore|x86.ActiveCfg = Release|Any CPU
		{8E33D12E-151E-4223-A622-21D974E014AF}.AppStore|x86.Build.0 = Release|Any CPU
		{8E33D12E-151E-4223-A622-21D974E014AF}.AppStore|x86.Deploy.0 = Release|Any CPU
		{8E33D12E-151E-4223-A622-21D974E014AF}.Debug|Any CPU.ActiveCfg = Debug|Any CPU
		{8E33D12E-151E-4223-A622-21D974E014AF}.Debug|Any CPU.Build.0 = Debug|Any CPU
		{8E33D12E-151E-4223-A622-21D974E014AF}.Debug|Any CPU.Deploy.0 = Debug|Any CPU
		{8E33D12E-151E-4223-A622-21D974E014AF}.Debug|ARM.ActiveCfg = Debug|Any CPU
		{8E33D12E-151E-4223-A622-21D974E014AF}.Debug|ARM.Build.0 = Debug|Any CPU
		{8E33D12E-151E-4223-A622-21D974E014AF}.Debug|ARM.Deploy.0 = Debug|Any CPU
		{8E33D12E-151E-4223-A622-21D974E014AF}.Debug|iPhone.ActiveCfg = Debug|Any CPU
		{8E33D12E-151E-4223-A622-21D974E014AF}.Debug|iPhone.Build.0 = Debug|Any CPU
		{8E33D12E-151E-4223-A622-21D974E014AF}.Debug|iPhone.Deploy.0 = Debug|Any CPU
		{8E33D12E-151E-4223-A622-21D974E014AF}.Debug|iPhoneSimulator.ActiveCfg = Debug|Any CPU
		{8E33D12E-151E-4223-A622-21D974E014AF}.Debug|iPhoneSimulator.Build.0 = Debug|Any CPU
		{8E33D12E-151E-4223-A622-21D974E014AF}.Debug|iPhoneSimulator.Deploy.0 = Debug|Any CPU
		{8E33D12E-151E-4223-A622-21D974E014AF}.Debug|x64.ActiveCfg = Debug|Any CPU
		{8E33D12E-151E-4223-A622-21D974E014AF}.Debug|x64.Build.0 = Debug|Any CPU
		{8E33D12E-151E-4223-A622-21D974E014AF}.Debug|x64.Deploy.0 = Debug|Any CPU
		{8E33D12E-151E-4223-A622-21D974E014AF}.Debug|x86.ActiveCfg = Debug|Any CPU
		{8E33D12E-151E-4223-A622-21D974E014AF}.Debug|x86.Build.0 = Debug|Any CPU
		{8E33D12E-151E-4223-A622-21D974E014AF}.Debug|x86.Deploy.0 = Debug|Any CPU
		{8E33D12E-151E-4223-A622-21D974E014AF}.Release|Any CPU.ActiveCfg = Release|Any CPU
		{8E33D12E-151E-4223-A622-21D974E014AF}.Release|Any CPU.Build.0 = Release|Any CPU
		{8E33D12E-151E-4223-A622-21D974E014AF}.Release|Any CPU.Deploy.0 = Release|Any CPU
		{8E33D12E-151E-4223-A622-21D974E014AF}.Release|ARM.ActiveCfg = Release|Any CPU
		{8E33D12E-151E-4223-A622-21D974E014AF}.Release|ARM.Build.0 = Release|Any CPU
		{8E33D12E-151E-4223-A622-21D974E014AF}.Release|ARM.Deploy.0 = Release|Any CPU
		{8E33D12E-151E-4223-A622-21D974E014AF}.Release|iPhone.ActiveCfg = Release|Any CPU
		{8E33D12E-151E-4223-A622-21D974E014AF}.Release|iPhone.Build.0 = Release|Any CPU
		{8E33D12E-151E-4223-A622-21D974E014AF}.Release|iPhone.Deploy.0 = Release|Any CPU
		{8E33D12E-151E-4223-A622-21D974E014AF}.Release|iPhoneSimulator.ActiveCfg = Release|Any CPU
		{8E33D12E-151E-4223-A622-21D974E014AF}.Release|iPhoneSimulator.Build.0 = Release|Any CPU
		{8E33D12E-151E-4223-A622-21D974E014AF}.Release|iPhoneSimulator.Deploy.0 = Release|Any CPU
		{8E33D12E-151E-4223-A622-21D974E014AF}.Release|x64.ActiveCfg = Release|Any CPU
		{8E33D12E-151E-4223-A622-21D974E014AF}.Release|x64.Build.0 = Release|Any CPU
		{8E33D12E-151E-4223-A622-21D974E014AF}.Release|x64.Deploy.0 = Release|Any CPU
		{8E33D12E-151E-4223-A622-21D974E014AF}.Release|x86.ActiveCfg = Release|Any CPU
		{8E33D12E-151E-4223-A622-21D974E014AF}.Release|x86.Build.0 = Release|Any CPU
		{8E33D12E-151E-4223-A622-21D974E014AF}.Release|x86.Deploy.0 = Release|Any CPU
		{8E33D12E-151E-4223-A622-21D974E014AF}.Release-xml|Any CPU.ActiveCfg = Release|Any CPU
		{8E33D12E-151E-4223-A622-21D974E014AF}.Release-xml|Any CPU.Build.0 = Release|Any CPU
		{8E33D12E-151E-4223-A622-21D974E014AF}.Release-xml|Any CPU.Deploy.0 = Release|Any CPU
		{8E33D12E-151E-4223-A622-21D974E014AF}.Release-xml|ARM.ActiveCfg = Release|Any CPU
		{8E33D12E-151E-4223-A622-21D974E014AF}.Release-xml|ARM.Build.0 = Release|Any CPU
		{8E33D12E-151E-4223-A622-21D974E014AF}.Release-xml|ARM.Deploy.0 = Release|Any CPU
		{8E33D12E-151E-4223-A622-21D974E014AF}.Release-xml|iPhone.ActiveCfg = Release|Any CPU
		{8E33D12E-151E-4223-A622-21D974E014AF}.Release-xml|iPhone.Build.0 = Release|Any CPU
		{8E33D12E-151E-4223-A622-21D974E014AF}.Release-xml|iPhone.Deploy.0 = Release|Any CPU
		{8E33D12E-151E-4223-A622-21D974E014AF}.Release-xml|iPhoneSimulator.ActiveCfg = Release|Any CPU
		{8E33D12E-151E-4223-A622-21D974E014AF}.Release-xml|iPhoneSimulator.Build.0 = Release|Any CPU
		{8E33D12E-151E-4223-A622-21D974E014AF}.Release-xml|iPhoneSimulator.Deploy.0 = Release|Any CPU
		{8E33D12E-151E-4223-A622-21D974E014AF}.Release-xml|x64.ActiveCfg = Release|Any CPU
		{8E33D12E-151E-4223-A622-21D974E014AF}.Release-xml|x64.Build.0 = Release|Any CPU
		{8E33D12E-151E-4223-A622-21D974E014AF}.Release-xml|x64.Deploy.0 = Release|Any CPU
		{8E33D12E-151E-4223-A622-21D974E014AF}.Release-xml|x86.ActiveCfg = Release|Any CPU
		{8E33D12E-151E-4223-A622-21D974E014AF}.Release-xml|x86.Build.0 = Release|Any CPU
		{8E33D12E-151E-4223-A622-21D974E014AF}.Release-xml|x86.Deploy.0 = Release|Any CPU
		{709E9E4D-0641-437E-9B76-2F6695EB40A8}.Ad-Hoc|Any CPU.ActiveCfg = Ad-Hoc|iPhone
		{709E9E4D-0641-437E-9B76-2F6695EB40A8}.Ad-Hoc|Any CPU.Build.0 = Ad-Hoc|iPhone
		{709E9E4D-0641-437E-9B76-2F6695EB40A8}.Ad-Hoc|Any CPU.Deploy.0 = Ad-Hoc|iPhone
		{709E9E4D-0641-437E-9B76-2F6695EB40A8}.Ad-Hoc|ARM.ActiveCfg = Ad-Hoc|iPhone
		{709E9E4D-0641-437E-9B76-2F6695EB40A8}.Ad-Hoc|ARM.Build.0 = Ad-Hoc|iPhone
		{709E9E4D-0641-437E-9B76-2F6695EB40A8}.Ad-Hoc|ARM.Deploy.0 = Ad-Hoc|iPhone
		{709E9E4D-0641-437E-9B76-2F6695EB40A8}.Ad-Hoc|iPhone.ActiveCfg = Ad-Hoc|iPhone
		{709E9E4D-0641-437E-9B76-2F6695EB40A8}.Ad-Hoc|iPhone.Build.0 = Ad-Hoc|iPhone
		{709E9E4D-0641-437E-9B76-2F6695EB40A8}.Ad-Hoc|iPhone.Deploy.0 = Ad-Hoc|iPhone
		{709E9E4D-0641-437E-9B76-2F6695EB40A8}.Ad-Hoc|iPhoneSimulator.ActiveCfg = Ad-Hoc|iPhoneSimulator
		{709E9E4D-0641-437E-9B76-2F6695EB40A8}.Ad-Hoc|iPhoneSimulator.Build.0 = Ad-Hoc|iPhoneSimulator
		{709E9E4D-0641-437E-9B76-2F6695EB40A8}.Ad-Hoc|iPhoneSimulator.Deploy.0 = Ad-Hoc|iPhoneSimulator
		{709E9E4D-0641-437E-9B76-2F6695EB40A8}.Ad-Hoc|x64.ActiveCfg = Ad-Hoc|iPhone
		{709E9E4D-0641-437E-9B76-2F6695EB40A8}.Ad-Hoc|x64.Build.0 = Ad-Hoc|iPhone
		{709E9E4D-0641-437E-9B76-2F6695EB40A8}.Ad-Hoc|x64.Deploy.0 = Ad-Hoc|iPhone
		{709E9E4D-0641-437E-9B76-2F6695EB40A8}.Ad-Hoc|x86.ActiveCfg = Ad-Hoc|iPhone
		{709E9E4D-0641-437E-9B76-2F6695EB40A8}.Ad-Hoc|x86.Build.0 = Ad-Hoc|iPhone
		{709E9E4D-0641-437E-9B76-2F6695EB40A8}.Ad-Hoc|x86.Deploy.0 = Ad-Hoc|iPhone
		{709E9E4D-0641-437E-9B76-2F6695EB40A8}.AppStore|Any CPU.ActiveCfg = AppStore|iPhone
		{709E9E4D-0641-437E-9B76-2F6695EB40A8}.AppStore|Any CPU.Build.0 = AppStore|iPhone
		{709E9E4D-0641-437E-9B76-2F6695EB40A8}.AppStore|Any CPU.Deploy.0 = AppStore|iPhone
		{709E9E4D-0641-437E-9B76-2F6695EB40A8}.AppStore|ARM.ActiveCfg = AppStore|iPhone
		{709E9E4D-0641-437E-9B76-2F6695EB40A8}.AppStore|ARM.Build.0 = AppStore|iPhone
		{709E9E4D-0641-437E-9B76-2F6695EB40A8}.AppStore|ARM.Deploy.0 = AppStore|iPhone
		{709E9E4D-0641-437E-9B76-2F6695EB40A8}.AppStore|iPhone.ActiveCfg = AppStore|iPhone
		{709E9E4D-0641-437E-9B76-2F6695EB40A8}.AppStore|iPhone.Build.0 = AppStore|iPhone
		{709E9E4D-0641-437E-9B76-2F6695EB40A8}.AppStore|iPhone.Deploy.0 = AppStore|iPhone
		{709E9E4D-0641-437E-9B76-2F6695EB40A8}.AppStore|iPhoneSimulator.ActiveCfg = AppStore|iPhoneSimulator
		{709E9E4D-0641-437E-9B76-2F6695EB40A8}.AppStore|iPhoneSimulator.Build.0 = AppStore|iPhoneSimulator
		{709E9E4D-0641-437E-9B76-2F6695EB40A8}.AppStore|iPhoneSimulator.Deploy.0 = AppStore|iPhoneSimulator
		{709E9E4D-0641-437E-9B76-2F6695EB40A8}.AppStore|x64.ActiveCfg = AppStore|iPhone
		{709E9E4D-0641-437E-9B76-2F6695EB40A8}.AppStore|x64.Build.0 = AppStore|iPhone
		{709E9E4D-0641-437E-9B76-2F6695EB40A8}.AppStore|x64.Deploy.0 = AppStore|iPhone
		{709E9E4D-0641-437E-9B76-2F6695EB40A8}.AppStore|x86.ActiveCfg = AppStore|iPhone
		{709E9E4D-0641-437E-9B76-2F6695EB40A8}.AppStore|x86.Build.0 = AppStore|iPhone
		{709E9E4D-0641-437E-9B76-2F6695EB40A8}.AppStore|x86.Deploy.0 = AppStore|iPhone
		{709E9E4D-0641-437E-9B76-2F6695EB40A8}.Debug|Any CPU.ActiveCfg = Debug|iPhoneSimulator
		{709E9E4D-0641-437E-9B76-2F6695EB40A8}.Debug|Any CPU.Build.0 = Debug|iPhoneSimulator
		{709E9E4D-0641-437E-9B76-2F6695EB40A8}.Debug|Any CPU.Deploy.0 = Debug|iPhoneSimulator
		{709E9E4D-0641-437E-9B76-2F6695EB40A8}.Debug|ARM.ActiveCfg = Debug|iPhone
		{709E9E4D-0641-437E-9B76-2F6695EB40A8}.Debug|ARM.Build.0 = Debug|iPhone
		{709E9E4D-0641-437E-9B76-2F6695EB40A8}.Debug|ARM.Deploy.0 = Debug|iPhone
		{709E9E4D-0641-437E-9B76-2F6695EB40A8}.Debug|iPhone.ActiveCfg = Debug|iPhone
		{709E9E4D-0641-437E-9B76-2F6695EB40A8}.Debug|iPhone.Build.0 = Debug|iPhone
		{709E9E4D-0641-437E-9B76-2F6695EB40A8}.Debug|iPhone.Deploy.0 = Debug|iPhone
		{709E9E4D-0641-437E-9B76-2F6695EB40A8}.Debug|iPhoneSimulator.ActiveCfg = Debug|iPhoneSimulator
		{709E9E4D-0641-437E-9B76-2F6695EB40A8}.Debug|iPhoneSimulator.Build.0 = Debug|iPhoneSimulator
		{709E9E4D-0641-437E-9B76-2F6695EB40A8}.Debug|iPhoneSimulator.Deploy.0 = Debug|iPhoneSimulator
		{709E9E4D-0641-437E-9B76-2F6695EB40A8}.Debug|x64.ActiveCfg = Debug|iPhone
		{709E9E4D-0641-437E-9B76-2F6695EB40A8}.Debug|x64.Build.0 = Debug|iPhone
		{709E9E4D-0641-437E-9B76-2F6695EB40A8}.Debug|x64.Deploy.0 = Debug|iPhone
		{709E9E4D-0641-437E-9B76-2F6695EB40A8}.Debug|x86.ActiveCfg = Debug|iPhone
		{709E9E4D-0641-437E-9B76-2F6695EB40A8}.Debug|x86.Build.0 = Debug|iPhone
		{709E9E4D-0641-437E-9B76-2F6695EB40A8}.Debug|x86.Deploy.0 = Debug|iPhone
		{709E9E4D-0641-437E-9B76-2F6695EB40A8}.Release|Any CPU.ActiveCfg = Release|iPhone
		{709E9E4D-0641-437E-9B76-2F6695EB40A8}.Release|Any CPU.Build.0 = Release|iPhone
		{709E9E4D-0641-437E-9B76-2F6695EB40A8}.Release|Any CPU.Deploy.0 = Release|iPhone
		{709E9E4D-0641-437E-9B76-2F6695EB40A8}.Release|ARM.ActiveCfg = Release|iPhone
		{709E9E4D-0641-437E-9B76-2F6695EB40A8}.Release|ARM.Build.0 = Release|iPhone
		{709E9E4D-0641-437E-9B76-2F6695EB40A8}.Release|ARM.Deploy.0 = Release|iPhone
		{709E9E4D-0641-437E-9B76-2F6695EB40A8}.Release|iPhone.ActiveCfg = Release|iPhone
		{709E9E4D-0641-437E-9B76-2F6695EB40A8}.Release|iPhone.Build.0 = Release|iPhone
		{709E9E4D-0641-437E-9B76-2F6695EB40A8}.Release|iPhone.Deploy.0 = Release|iPhone
		{709E9E4D-0641-437E-9B76-2F6695EB40A8}.Release|iPhoneSimulator.ActiveCfg = Release|iPhoneSimulator
		{709E9E4D-0641-437E-9B76-2F6695EB40A8}.Release|iPhoneSimulator.Build.0 = Release|iPhoneSimulator
		{709E9E4D-0641-437E-9B76-2F6695EB40A8}.Release|iPhoneSimulator.Deploy.0 = Release|iPhoneSimulator
		{709E9E4D-0641-437E-9B76-2F6695EB40A8}.Release|x64.ActiveCfg = Release|iPhone
		{709E9E4D-0641-437E-9B76-2F6695EB40A8}.Release|x64.Build.0 = Release|iPhone
		{709E9E4D-0641-437E-9B76-2F6695EB40A8}.Release|x64.Deploy.0 = Release|iPhone
		{709E9E4D-0641-437E-9B76-2F6695EB40A8}.Release|x86.ActiveCfg = Release|iPhone
		{709E9E4D-0641-437E-9B76-2F6695EB40A8}.Release|x86.Build.0 = Release|iPhone
		{709E9E4D-0641-437E-9B76-2F6695EB40A8}.Release|x86.Deploy.0 = Release|iPhone
		{709E9E4D-0641-437E-9B76-2F6695EB40A8}.Release-xml|Any CPU.ActiveCfg = Release|iPhoneSimulator
		{709E9E4D-0641-437E-9B76-2F6695EB40A8}.Release-xml|Any CPU.Build.0 = Release|iPhoneSimulator
		{709E9E4D-0641-437E-9B76-2F6695EB40A8}.Release-xml|ARM.ActiveCfg = Release|iPhoneSimulator
		{709E9E4D-0641-437E-9B76-2F6695EB40A8}.Release-xml|ARM.Build.0 = Release|iPhoneSimulator
		{709E9E4D-0641-437E-9B76-2F6695EB40A8}.Release-xml|iPhone.ActiveCfg = Release|iPhone
		{709E9E4D-0641-437E-9B76-2F6695EB40A8}.Release-xml|iPhone.Build.0 = Release|iPhone
		{709E9E4D-0641-437E-9B76-2F6695EB40A8}.Release-xml|iPhoneSimulator.ActiveCfg = Release|iPhoneSimulator
		{709E9E4D-0641-437E-9B76-2F6695EB40A8}.Release-xml|iPhoneSimulator.Build.0 = Release|iPhoneSimulator
		{709E9E4D-0641-437E-9B76-2F6695EB40A8}.Release-xml|x64.ActiveCfg = Release|iPhoneSimulator
		{709E9E4D-0641-437E-9B76-2F6695EB40A8}.Release-xml|x64.Build.0 = Release|iPhoneSimulator
		{709E9E4D-0641-437E-9B76-2F6695EB40A8}.Release-xml|x86.ActiveCfg = Release|iPhoneSimulator
		{709E9E4D-0641-437E-9B76-2F6695EB40A8}.Release-xml|x86.Build.0 = Release|iPhoneSimulator
		{C3188270-30A4-4EBB-BEB0-3EF8EB4A38B5}.Ad-Hoc|Any CPU.ActiveCfg = Release|x86
		{C3188270-30A4-4EBB-BEB0-3EF8EB4A38B5}.Ad-Hoc|Any CPU.Build.0 = Release|x86
		{C3188270-30A4-4EBB-BEB0-3EF8EB4A38B5}.Ad-Hoc|Any CPU.Deploy.0 = Release|x86
		{C3188270-30A4-4EBB-BEB0-3EF8EB4A38B5}.Ad-Hoc|ARM.ActiveCfg = Release|ARM
		{C3188270-30A4-4EBB-BEB0-3EF8EB4A38B5}.Ad-Hoc|ARM.Build.0 = Release|ARM
		{C3188270-30A4-4EBB-BEB0-3EF8EB4A38B5}.Ad-Hoc|ARM.Deploy.0 = Release|ARM
		{C3188270-30A4-4EBB-BEB0-3EF8EB4A38B5}.Ad-Hoc|iPhone.ActiveCfg = Release|x86
		{C3188270-30A4-4EBB-BEB0-3EF8EB4A38B5}.Ad-Hoc|iPhone.Build.0 = Release|x86
		{C3188270-30A4-4EBB-BEB0-3EF8EB4A38B5}.Ad-Hoc|iPhone.Deploy.0 = Release|x86
		{C3188270-30A4-4EBB-BEB0-3EF8EB4A38B5}.Ad-Hoc|iPhoneSimulator.ActiveCfg = Release|x86
		{C3188270-30A4-4EBB-BEB0-3EF8EB4A38B5}.Ad-Hoc|iPhoneSimulator.Build.0 = Release|x86
		{C3188270-30A4-4EBB-BEB0-3EF8EB4A38B5}.Ad-Hoc|iPhoneSimulator.Deploy.0 = Release|x86
		{C3188270-30A4-4EBB-BEB0-3EF8EB4A38B5}.Ad-Hoc|x64.ActiveCfg = Release|x64
		{C3188270-30A4-4EBB-BEB0-3EF8EB4A38B5}.Ad-Hoc|x64.Build.0 = Release|x64
		{C3188270-30A4-4EBB-BEB0-3EF8EB4A38B5}.Ad-Hoc|x64.Deploy.0 = Release|x64
		{C3188270-30A4-4EBB-BEB0-3EF8EB4A38B5}.Ad-Hoc|x86.ActiveCfg = Release|x86
		{C3188270-30A4-4EBB-BEB0-3EF8EB4A38B5}.Ad-Hoc|x86.Build.0 = Release|x86
		{C3188270-30A4-4EBB-BEB0-3EF8EB4A38B5}.Ad-Hoc|x86.Deploy.0 = Release|x86
		{C3188270-30A4-4EBB-BEB0-3EF8EB4A38B5}.AppStore|Any CPU.ActiveCfg = Release|x86
		{C3188270-30A4-4EBB-BEB0-3EF8EB4A38B5}.AppStore|Any CPU.Build.0 = Release|x86
		{C3188270-30A4-4EBB-BEB0-3EF8EB4A38B5}.AppStore|Any CPU.Deploy.0 = Release|x86
		{C3188270-30A4-4EBB-BEB0-3EF8EB4A38B5}.AppStore|ARM.ActiveCfg = Release|ARM
		{C3188270-30A4-4EBB-BEB0-3EF8EB4A38B5}.AppStore|ARM.Build.0 = Release|ARM
		{C3188270-30A4-4EBB-BEB0-3EF8EB4A38B5}.AppStore|ARM.Deploy.0 = Release|ARM
		{C3188270-30A4-4EBB-BEB0-3EF8EB4A38B5}.AppStore|iPhone.ActiveCfg = Release|x86
		{C3188270-30A4-4EBB-BEB0-3EF8EB4A38B5}.AppStore|iPhone.Build.0 = Release|x86
		{C3188270-30A4-4EBB-BEB0-3EF8EB4A38B5}.AppStore|iPhone.Deploy.0 = Release|x86
		{C3188270-30A4-4EBB-BEB0-3EF8EB4A38B5}.AppStore|iPhoneSimulator.ActiveCfg = Release|x86
		{C3188270-30A4-4EBB-BEB0-3EF8EB4A38B5}.AppStore|iPhoneSimulator.Build.0 = Release|x86
		{C3188270-30A4-4EBB-BEB0-3EF8EB4A38B5}.AppStore|iPhoneSimulator.Deploy.0 = Release|x86
		{C3188270-30A4-4EBB-BEB0-3EF8EB4A38B5}.AppStore|x64.ActiveCfg = Release|x64
		{C3188270-30A4-4EBB-BEB0-3EF8EB4A38B5}.AppStore|x64.Build.0 = Release|x64
		{C3188270-30A4-4EBB-BEB0-3EF8EB4A38B5}.AppStore|x64.Deploy.0 = Release|x64
		{C3188270-30A4-4EBB-BEB0-3EF8EB4A38B5}.AppStore|x86.ActiveCfg = Release|x86
		{C3188270-30A4-4EBB-BEB0-3EF8EB4A38B5}.AppStore|x86.Build.0 = Release|x86
		{C3188270-30A4-4EBB-BEB0-3EF8EB4A38B5}.AppStore|x86.Deploy.0 = Release|x86
		{C3188270-30A4-4EBB-BEB0-3EF8EB4A38B5}.Debug|Any CPU.ActiveCfg = Debug|x86
		{C3188270-30A4-4EBB-BEB0-3EF8EB4A38B5}.Debug|Any CPU.Build.0 = Debug|x86
		{C3188270-30A4-4EBB-BEB0-3EF8EB4A38B5}.Debug|Any CPU.Deploy.0 = Debug|x86
		{C3188270-30A4-4EBB-BEB0-3EF8EB4A38B5}.Debug|ARM.ActiveCfg = Debug|ARM
		{C3188270-30A4-4EBB-BEB0-3EF8EB4A38B5}.Debug|ARM.Build.0 = Debug|ARM
		{C3188270-30A4-4EBB-BEB0-3EF8EB4A38B5}.Debug|ARM.Deploy.0 = Debug|ARM
		{C3188270-30A4-4EBB-BEB0-3EF8EB4A38B5}.Debug|iPhone.ActiveCfg = Debug|x86
		{C3188270-30A4-4EBB-BEB0-3EF8EB4A38B5}.Debug|iPhone.Build.0 = Debug|x86
		{C3188270-30A4-4EBB-BEB0-3EF8EB4A38B5}.Debug|iPhone.Deploy.0 = Debug|x86
		{C3188270-30A4-4EBB-BEB0-3EF8EB4A38B5}.Debug|iPhoneSimulator.ActiveCfg = Debug|x86
		{C3188270-30A4-4EBB-BEB0-3EF8EB4A38B5}.Debug|iPhoneSimulator.Build.0 = Debug|x86
		{C3188270-30A4-4EBB-BEB0-3EF8EB4A38B5}.Debug|iPhoneSimulator.Deploy.0 = Debug|x86
		{C3188270-30A4-4EBB-BEB0-3EF8EB4A38B5}.Debug|x64.ActiveCfg = Debug|x64
		{C3188270-30A4-4EBB-BEB0-3EF8EB4A38B5}.Debug|x64.Build.0 = Debug|x64
		{C3188270-30A4-4EBB-BEB0-3EF8EB4A38B5}.Debug|x64.Deploy.0 = Debug|x64
		{C3188270-30A4-4EBB-BEB0-3EF8EB4A38B5}.Debug|x86.ActiveCfg = Debug|x86
		{C3188270-30A4-4EBB-BEB0-3EF8EB4A38B5}.Debug|x86.Build.0 = Debug|x86
		{C3188270-30A4-4EBB-BEB0-3EF8EB4A38B5}.Debug|x86.Deploy.0 = Debug|x86
		{C3188270-30A4-4EBB-BEB0-3EF8EB4A38B5}.Release|Any CPU.ActiveCfg = Release|x86
		{C3188270-30A4-4EBB-BEB0-3EF8EB4A38B5}.Release|Any CPU.Build.0 = Release|x86
		{C3188270-30A4-4EBB-BEB0-3EF8EB4A38B5}.Release|Any CPU.Deploy.0 = Release|x86
		{C3188270-30A4-4EBB-BEB0-3EF8EB4A38B5}.Release|ARM.ActiveCfg = Release|ARM
		{C3188270-30A4-4EBB-BEB0-3EF8EB4A38B5}.Release|ARM.Build.0 = Release|ARM
		{C3188270-30A4-4EBB-BEB0-3EF8EB4A38B5}.Release|ARM.Deploy.0 = Release|ARM
		{C3188270-30A4-4EBB-BEB0-3EF8EB4A38B5}.Release|iPhone.ActiveCfg = Release|x86
		{C3188270-30A4-4EBB-BEB0-3EF8EB4A38B5}.Release|iPhone.Build.0 = Release|x86
		{C3188270-30A4-4EBB-BEB0-3EF8EB4A38B5}.Release|iPhone.Deploy.0 = Release|x86
		{C3188270-30A4-4EBB-BEB0-3EF8EB4A38B5}.Release|iPhoneSimulator.ActiveCfg = Release|x86
		{C3188270-30A4-4EBB-BEB0-3EF8EB4A38B5}.Release|iPhoneSimulator.Build.0 = Release|x86
		{C3188270-30A4-4EBB-BEB0-3EF8EB4A38B5}.Release|iPhoneSimulator.Deploy.0 = Release|x86
		{C3188270-30A4-4EBB-BEB0-3EF8EB4A38B5}.Release|x64.ActiveCfg = Release|x64
		{C3188270-30A4-4EBB-BEB0-3EF8EB4A38B5}.Release|x64.Build.0 = Release|x64
		{C3188270-30A4-4EBB-BEB0-3EF8EB4A38B5}.Release|x64.Deploy.0 = Release|x64
		{C3188270-30A4-4EBB-BEB0-3EF8EB4A38B5}.Release|x86.ActiveCfg = Release|x86
		{C3188270-30A4-4EBB-BEB0-3EF8EB4A38B5}.Release|x86.Build.0 = Release|x86
		{C3188270-30A4-4EBB-BEB0-3EF8EB4A38B5}.Release|x86.Deploy.0 = Release|x86
		{C3188270-30A4-4EBB-BEB0-3EF8EB4A38B5}.Release-xml|Any CPU.ActiveCfg = Debug|x64
		{C3188270-30A4-4EBB-BEB0-3EF8EB4A38B5}.Release-xml|Any CPU.Build.0 = Debug|x64
		{C3188270-30A4-4EBB-BEB0-3EF8EB4A38B5}.Release-xml|Any CPU.Deploy.0 = Debug|x64
		{C3188270-30A4-4EBB-BEB0-3EF8EB4A38B5}.Release-xml|ARM.ActiveCfg = Release|ARM
		{C3188270-30A4-4EBB-BEB0-3EF8EB4A38B5}.Release-xml|ARM.Build.0 = Release|ARM
		{C3188270-30A4-4EBB-BEB0-3EF8EB4A38B5}.Release-xml|ARM.Deploy.0 = Release|ARM
		{C3188270-30A4-4EBB-BEB0-3EF8EB4A38B5}.Release-xml|iPhone.ActiveCfg = Debug|x64
		{C3188270-30A4-4EBB-BEB0-3EF8EB4A38B5}.Release-xml|iPhone.Build.0 = Debug|x64
		{C3188270-30A4-4EBB-BEB0-3EF8EB4A38B5}.Release-xml|iPhone.Deploy.0 = Debug|x64
		{C3188270-30A4-4EBB-BEB0-3EF8EB4A38B5}.Release-xml|iPhoneSimulator.ActiveCfg = Debug|x64
		{C3188270-30A4-4EBB-BEB0-3EF8EB4A38B5}.Release-xml|iPhoneSimulator.Build.0 = Debug|x64
		{C3188270-30A4-4EBB-BEB0-3EF8EB4A38B5}.Release-xml|iPhoneSimulator.Deploy.0 = Debug|x64
		{C3188270-30A4-4EBB-BEB0-3EF8EB4A38B5}.Release-xml|x64.ActiveCfg = Release|x64
		{C3188270-30A4-4EBB-BEB0-3EF8EB4A38B5}.Release-xml|x64.Build.0 = Release|x64
		{C3188270-30A4-4EBB-BEB0-3EF8EB4A38B5}.Release-xml|x64.Deploy.0 = Release|x64
		{C3188270-30A4-4EBB-BEB0-3EF8EB4A38B5}.Release-xml|x86.ActiveCfg = Release|x86
		{C3188270-30A4-4EBB-BEB0-3EF8EB4A38B5}.Release-xml|x86.Build.0 = Release|x86
		{C3188270-30A4-4EBB-BEB0-3EF8EB4A38B5}.Release-xml|x86.Deploy.0 = Release|x86
		{CAB8E868-C504-4333-A550-C73686EE9592}.Ad-Hoc|Any CPU.ActiveCfg = Debug|Any CPU
		{CAB8E868-C504-4333-A550-C73686EE9592}.Ad-Hoc|Any CPU.Build.0 = Debug|Any CPU
		{CAB8E868-C504-4333-A550-C73686EE9592}.Ad-Hoc|Any CPU.Deploy.0 = Debug|Any CPU
		{CAB8E868-C504-4333-A550-C73686EE9592}.Ad-Hoc|ARM.ActiveCfg = Debug|Any CPU
		{CAB8E868-C504-4333-A550-C73686EE9592}.Ad-Hoc|ARM.Build.0 = Debug|Any CPU
		{CAB8E868-C504-4333-A550-C73686EE9592}.Ad-Hoc|ARM.Deploy.0 = Debug|Any CPU
		{CAB8E868-C504-4333-A550-C73686EE9592}.Ad-Hoc|iPhone.ActiveCfg = Debug|Any CPU
		{CAB8E868-C504-4333-A550-C73686EE9592}.Ad-Hoc|iPhone.Build.0 = Debug|Any CPU
		{CAB8E868-C504-4333-A550-C73686EE9592}.Ad-Hoc|iPhone.Deploy.0 = Debug|Any CPU
		{CAB8E868-C504-4333-A550-C73686EE9592}.Ad-Hoc|iPhoneSimulator.ActiveCfg = Debug|Any CPU
		{CAB8E868-C504-4333-A550-C73686EE9592}.Ad-Hoc|iPhoneSimulator.Build.0 = Debug|Any CPU
		{CAB8E868-C504-4333-A550-C73686EE9592}.Ad-Hoc|iPhoneSimulator.Deploy.0 = Debug|Any CPU
		{CAB8E868-C504-4333-A550-C73686EE9592}.Ad-Hoc|x64.ActiveCfg = Debug|Any CPU
		{CAB8E868-C504-4333-A550-C73686EE9592}.Ad-Hoc|x64.Build.0 = Debug|Any CPU
		{CAB8E868-C504-4333-A550-C73686EE9592}.Ad-Hoc|x64.Deploy.0 = Debug|Any CPU
		{CAB8E868-C504-4333-A550-C73686EE9592}.Ad-Hoc|x86.ActiveCfg = Debug|Any CPU
		{CAB8E868-C504-4333-A550-C73686EE9592}.Ad-Hoc|x86.Build.0 = Debug|Any CPU
		{CAB8E868-C504-4333-A550-C73686EE9592}.Ad-Hoc|x86.Deploy.0 = Debug|Any CPU
		{CAB8E868-C504-4333-A550-C73686EE9592}.AppStore|Any CPU.ActiveCfg = Debug|Any CPU
		{CAB8E868-C504-4333-A550-C73686EE9592}.AppStore|Any CPU.Build.0 = Debug|Any CPU
		{CAB8E868-C504-4333-A550-C73686EE9592}.AppStore|Any CPU.Deploy.0 = Debug|Any CPU
		{CAB8E868-C504-4333-A550-C73686EE9592}.AppStore|ARM.ActiveCfg = Debug|Any CPU
		{CAB8E868-C504-4333-A550-C73686EE9592}.AppStore|ARM.Build.0 = Debug|Any CPU
		{CAB8E868-C504-4333-A550-C73686EE9592}.AppStore|ARM.Deploy.0 = Debug|Any CPU
		{CAB8E868-C504-4333-A550-C73686EE9592}.AppStore|iPhone.ActiveCfg = Debug|Any CPU
		{CAB8E868-C504-4333-A550-C73686EE9592}.AppStore|iPhone.Build.0 = Debug|Any CPU
		{CAB8E868-C504-4333-A550-C73686EE9592}.AppStore|iPhone.Deploy.0 = Debug|Any CPU
		{CAB8E868-C504-4333-A550-C73686EE9592}.AppStore|iPhoneSimulator.ActiveCfg = Debug|Any CPU
		{CAB8E868-C504-4333-A550-C73686EE9592}.AppStore|iPhoneSimulator.Build.0 = Debug|Any CPU
		{CAB8E868-C504-4333-A550-C73686EE9592}.AppStore|iPhoneSimulator.Deploy.0 = Debug|Any CPU
		{CAB8E868-C504-4333-A550-C73686EE9592}.AppStore|x64.ActiveCfg = Debug|Any CPU
		{CAB8E868-C504-4333-A550-C73686EE9592}.AppStore|x64.Build.0 = Debug|Any CPU
		{CAB8E868-C504-4333-A550-C73686EE9592}.AppStore|x64.Deploy.0 = Debug|Any CPU
		{CAB8E868-C504-4333-A550-C73686EE9592}.AppStore|x86.ActiveCfg = Debug|Any CPU
		{CAB8E868-C504-4333-A550-C73686EE9592}.AppStore|x86.Build.0 = Debug|Any CPU
		{CAB8E868-C504-4333-A550-C73686EE9592}.AppStore|x86.Deploy.0 = Debug|Any CPU
		{CAB8E868-C504-4333-A550-C73686EE9592}.Debug|Any CPU.ActiveCfg = Debug|Any CPU
		{CAB8E868-C504-4333-A550-C73686EE9592}.Debug|Any CPU.Build.0 = Debug|Any CPU
		{CAB8E868-C504-4333-A550-C73686EE9592}.Debug|Any CPU.Deploy.0 = Debug|Any CPU
		{CAB8E868-C504-4333-A550-C73686EE9592}.Debug|ARM.ActiveCfg = Debug|Any CPU
		{CAB8E868-C504-4333-A550-C73686EE9592}.Debug|ARM.Build.0 = Debug|Any CPU
		{CAB8E868-C504-4333-A550-C73686EE9592}.Debug|ARM.Deploy.0 = Debug|Any CPU
		{CAB8E868-C504-4333-A550-C73686EE9592}.Debug|iPhone.ActiveCfg = Debug|Any CPU
		{CAB8E868-C504-4333-A550-C73686EE9592}.Debug|iPhone.Build.0 = Debug|Any CPU
		{CAB8E868-C504-4333-A550-C73686EE9592}.Debug|iPhone.Deploy.0 = Debug|Any CPU
		{CAB8E868-C504-4333-A550-C73686EE9592}.Debug|iPhoneSimulator.ActiveCfg = Debug|Any CPU
		{CAB8E868-C504-4333-A550-C73686EE9592}.Debug|iPhoneSimulator.Build.0 = Debug|Any CPU
		{CAB8E868-C504-4333-A550-C73686EE9592}.Debug|iPhoneSimulator.Deploy.0 = Debug|Any CPU
		{CAB8E868-C504-4333-A550-C73686EE9592}.Debug|x64.ActiveCfg = Debug|Any CPU
		{CAB8E868-C504-4333-A550-C73686EE9592}.Debug|x64.Build.0 = Debug|Any CPU
		{CAB8E868-C504-4333-A550-C73686EE9592}.Debug|x64.Deploy.0 = Debug|Any CPU
		{CAB8E868-C504-4333-A550-C73686EE9592}.Debug|x86.ActiveCfg = Debug|Any CPU
		{CAB8E868-C504-4333-A550-C73686EE9592}.Debug|x86.Build.0 = Debug|Any CPU
		{CAB8E868-C504-4333-A550-C73686EE9592}.Debug|x86.Deploy.0 = Debug|Any CPU
		{CAB8E868-C504-4333-A550-C73686EE9592}.Release|Any CPU.ActiveCfg = Release|Any CPU
		{CAB8E868-C504-4333-A550-C73686EE9592}.Release|Any CPU.Build.0 = Release|Any CPU
		{CAB8E868-C504-4333-A550-C73686EE9592}.Release|Any CPU.Deploy.0 = Release|Any CPU
		{CAB8E868-C504-4333-A550-C73686EE9592}.Release|ARM.ActiveCfg = Release|Any CPU
		{CAB8E868-C504-4333-A550-C73686EE9592}.Release|ARM.Build.0 = Release|Any CPU
		{CAB8E868-C504-4333-A550-C73686EE9592}.Release|ARM.Deploy.0 = Release|Any CPU
		{CAB8E868-C504-4333-A550-C73686EE9592}.Release|iPhone.ActiveCfg = Release|Any CPU
		{CAB8E868-C504-4333-A550-C73686EE9592}.Release|iPhone.Build.0 = Release|Any CPU
		{CAB8E868-C504-4333-A550-C73686EE9592}.Release|iPhone.Deploy.0 = Release|Any CPU
		{CAB8E868-C504-4333-A550-C73686EE9592}.Release|iPhoneSimulator.ActiveCfg = Release|Any CPU
		{CAB8E868-C504-4333-A550-C73686EE9592}.Release|iPhoneSimulator.Build.0 = Release|Any CPU
		{CAB8E868-C504-4333-A550-C73686EE9592}.Release|iPhoneSimulator.Deploy.0 = Release|Any CPU
		{CAB8E868-C504-4333-A550-C73686EE9592}.Release|x64.ActiveCfg = Release|Any CPU
		{CAB8E868-C504-4333-A550-C73686EE9592}.Release|x64.Build.0 = Release|Any CPU
		{CAB8E868-C504-4333-A550-C73686EE9592}.Release|x64.Deploy.0 = Release|Any CPU
		{CAB8E868-C504-4333-A550-C73686EE9592}.Release|x86.ActiveCfg = Release|Any CPU
		{CAB8E868-C504-4333-A550-C73686EE9592}.Release|x86.Build.0 = Release|Any CPU
		{CAB8E868-C504-4333-A550-C73686EE9592}.Release|x86.Deploy.0 = Release|Any CPU
		{CAB8E868-C504-4333-A550-C73686EE9592}.Release-xml|Any CPU.ActiveCfg = Release|Any CPU
		{CAB8E868-C504-4333-A550-C73686EE9592}.Release-xml|Any CPU.Build.0 = Release|Any CPU
		{CAB8E868-C504-4333-A550-C73686EE9592}.Release-xml|ARM.ActiveCfg = Release|Any CPU
		{CAB8E868-C504-4333-A550-C73686EE9592}.Release-xml|ARM.Build.0 = Release|Any CPU
		{CAB8E868-C504-4333-A550-C73686EE9592}.Release-xml|iPhone.ActiveCfg = Release|Any CPU
		{CAB8E868-C504-4333-A550-C73686EE9592}.Release-xml|iPhone.Build.0 = Release|Any CPU
		{CAB8E868-C504-4333-A550-C73686EE9592}.Release-xml|iPhoneSimulator.ActiveCfg = Release|Any CPU
		{CAB8E868-C504-4333-A550-C73686EE9592}.Release-xml|iPhoneSimulator.Build.0 = Release|Any CPU
		{CAB8E868-C504-4333-A550-C73686EE9592}.Release-xml|x64.ActiveCfg = Release|Any CPU
		{CAB8E868-C504-4333-A550-C73686EE9592}.Release-xml|x64.Build.0 = Release|Any CPU
		{CAB8E868-C504-4333-A550-C73686EE9592}.Release-xml|x86.ActiveCfg = Release|Any CPU
		{CAB8E868-C504-4333-A550-C73686EE9592}.Release-xml|x86.Build.0 = Release|Any CPU
	EndGlobalSection
	GlobalSection(SolutionProperties) = preSolution
		HideSolutionNode = FALSE
	EndGlobalSection
	GlobalSection(ExtensibilityGlobals) = postSolution
		SolutionGuid = {E1AFBADA-E52B-4B34-8F5A-E7C7054A7F40}
	EndGlobalSection
EndGlobal
